// !$*UTF8*$!
{
	archiveVersion = 1;
	classes = {
	};
	objectVersion = 55;
	objects = {

/* Begin PBXBuildFile section */
		AB04F77127EF469000450985 /* AppDelegate.swift in Sources */ = {isa = PBXBuildFile; fileRef = AB04F77027EF469000450985 /* AppDelegate.swift */; };
		AB04F77327EF469000450985 /* SceneDelegate.swift in Sources */ = {isa = PBXBuildFile; fileRef = AB04F77227EF469000450985 /* SceneDelegate.swift */; };
		AB04F77527EF469000450985 /* ViewController.swift in Sources */ = {isa = PBXBuildFile; fileRef = AB04F77427EF469000450985 /* ViewController.swift */; };
		AB04F77827EF469000450985 /* Main.storyboard in Resources */ = {isa = PBXBuildFile; fileRef = AB04F77627EF469000450985 /* Main.storyboard */; };
		AB04F77A27EF469300450985 /* Assets.xcassets in Resources */ = {isa = PBXBuildFile; fileRef = AB04F77927EF469300450985 /* Assets.xcassets */; };
		AB04F77D27EF469300450985 /* LaunchScreen.storyboard in Resources */ = {isa = PBXBuildFile; fileRef = AB04F77B27EF469300450985 /* LaunchScreen.storyboard */; };
		AB04F78827EF469400450985 /* TimetableTests.swift in Sources */ = {isa = PBXBuildFile; fileRef = AB04F78727EF469400450985 /* TimetableTests.swift */; };
		AB04F79227EF469400450985 /* TimetableUITests.swift in Sources */ = {isa = PBXBuildFile; fileRef = AB04F79127EF469400450985 /* TimetableUITests.swift */; };
		AB04F79427EF469400450985 /* TimetableUITestsLaunchTests.swift in Sources */ = {isa = PBXBuildFile; fileRef = AB04F79327EF469400450985 /* TimetableUITestsLaunchTests.swift */; };
/* End PBXBuildFile section */

/* Begin PBXContainerItemProxy section */
		AB04F78427EF469300450985 /* PBXContainerItemProxy */ = {
			isa = PBXContainerItemProxy;
			containerPortal = AB04F76527EF469000450985 /* Project object */;
			proxyType = 1;
			remoteGlobalIDString = AB04F76C27EF469000450985;
			remoteInfo = Timetable;
		};
		AB04F78E27EF469400450985 /* PBXContainerItemProxy */ = {
			isa = PBXContainerItemProxy;
			containerPortal = AB04F76527EF469000450985 /* Project object */;
			proxyType = 1;
			remoteGlobalIDString = AB04F76C27EF469000450985;
			remoteInfo = Timetable;
		};
/* End PBXContainerItemProxy section */

/* Begin PBXFileReference section */
		AB04F76D27EF469000450985 /* Timetable.app */ = {isa = PBXFileReference; explicitFileType = wrapper.application; includeInIndex = 0; path = Timetable.app; sourceTree = BUILT_PRODUCTS_DIR; };
		AB04F77027EF469000450985 /* AppDelegate.swift */ = {isa = PBXFileReference; lastKnownFileType = sourcecode.swift; path = AppDelegate.swift; sourceTree = "<group>"; };
		AB04F77227EF469000450985 /* SceneDelegate.swift */ = {isa = PBXFileReference; lastKnownFileType = sourcecode.swift; path = SceneDelegate.swift; sourceTree = "<group>"; };
		AB04F77427EF469000450985 /* ViewController.swift */ = {isa = PBXFileReference; lastKnownFileType = sourcecode.swift; path = ViewController.swift; sourceTree = "<group>"; };
		AB04F77727EF469000450985 /* Base */ = {isa = PBXFileReference; lastKnownFileType = file.storyboard; name = Base; path = Base.lproj/Main.storyboard; sourceTree = "<group>"; };
		AB04F77927EF469300450985 /* Assets.xcassets */ = {isa = PBXFileReference; lastKnownFileType = folder.assetcatalog; path = Assets.xcassets; sourceTree = "<group>"; };
		AB04F77C27EF469300450985 /* Base */ = {isa = PBXFileReference; lastKnownFileType = file.storyboard; name = Base; path = Base.lproj/LaunchScreen.storyboard; sourceTree = "<group>"; };
		AB04F77E27EF469300450985 /* Info.plist */ = {isa = PBXFileReference; lastKnownFileType = text.plist.xml; path = Info.plist; sourceTree = "<group>"; };
		AB04F78327EF469300450985 /* TimetableTests.xctest */ = {isa = PBXFileReference; explicitFileType = wrapper.cfbundle; includeInIndex = 0; path = TimetableTests.xctest; sourceTree = BUILT_PRODUCTS_DIR; };
		AB04F78727EF469400450985 /* TimetableTests.swift */ = {isa = PBXFileReference; lastKnownFileType = sourcecode.swift; path = TimetableTests.swift; sourceTree = "<group>"; };
		AB04F78D27EF469400450985 /* TimetableUITests.xctest */ = {isa = PBXFileReference; explicitFileType = wrapper.cfbundle; includeInIndex = 0; path = TimetableUITests.xctest; sourceTree = BUILT_PRODUCTS_DIR; };
		AB04F79127EF469400450985 /* TimetableUITests.swift */ = {isa = PBXFileReference; lastKnownFileType = sourcecode.swift; path = TimetableUITests.swift; sourceTree = "<group>"; };
		AB04F79327EF469400450985 /* TimetableUITestsLaunchTests.swift */ = {isa = PBXFileReference; lastKnownFileType = sourcecode.swift; path = TimetableUITestsLaunchTests.swift; sourceTree = "<group>"; };
/* End PBXFileReference section */

/* Begin PBXFrameworksBuildPhase section */
		AB04F76A27EF469000450985 /* Frameworks */ = {
			isa = PBXFrameworksBuildPhase;
			buildActionMask = 2147483647;
			files = (
			);
			runOnlyForDeploymentPostprocessing = 0;
		};
		AB04F78027EF469300450985 /* Frameworks */ = {
			isa = PBXFrameworksBuildPhase;
			buildActionMask = 2147483647;
			files = (
			);
			runOnlyForDeploymentPostprocessing = 0;
		};
		AB04F78A27EF469400450985 /* Frameworks */ = {
			isa = PBXFrameworksBuildPhase;
			buildActionMask = 2147483647;
			files = (
			);
			runOnlyForDeploymentPostprocessing = 0;
		};
/* End PBXFrameworksBuildPhase section */

/* Begin PBXGroup section */
		AB04F76427EF469000450985 = {
			isa = PBXGroup;
			children = (
				AB04F76F27EF469000450985 /* Timetable */,
				AB04F78627EF469400450985 /* TimetableTests */,
				AB04F79027EF469400450985 /* TimetableUITests */,
				AB04F76E27EF469000450985 /* Products */,
			);
			sourceTree = "<group>";
		};
		AB04F76E27EF469000450985 /* Products */ = {
			isa = PBXGroup;
			children = (
				AB04F76D27EF469000450985 /* Timetable.app */,
				AB04F78327EF469300450985 /* TimetableTests.xctest */,
				AB04F78D27EF469400450985 /* TimetableUITests.xctest */,
			);
			name = Products;
			sourceTree = "<group>";
		};
		AB04F76F27EF469000450985 /* Timetable */ = {
			isa = PBXGroup;
			children = (
				AB04F77027EF469000450985 /* AppDelegate.swift */,
				AB04F77227EF469000450985 /* SceneDelegate.swift */,
				AB04F77427EF469000450985 /* ViewController.swift */,
				AB04F77627EF469000450985 /* Main.storyboard */,
				AB04F77927EF469300450985 /* Assets.xcassets */,
				AB04F77B27EF469300450985 /* LaunchScreen.storyboard */,
				AB04F77E27EF469300450985 /* Info.plist */,
			);
			path = Timetable;
			sourceTree = "<group>";
		};
		AB04F78627EF469400450985 /* TimetableTests */ = {
			isa = PBXGroup;
			children = (
				AB04F78727EF469400450985 /* TimetableTests.swift */,
			);
			path = TimetableTests;
			sourceTree = "<group>";
		};
		AB04F79027EF469400450985 /* TimetableUITests */ = {
			isa = PBXGroup;
			children = (
				AB04F79127EF469400450985 /* TimetableUITests.swift */,
				AB04F79327EF469400450985 /* TimetableUITestsLaunchTests.swift */,
			);
			path = TimetableUITests;
			sourceTree = "<group>";
		};
/* End PBXGroup section */

/* Begin PBXNativeTarget section */
		AB04F76C27EF469000450985 /* Timetable */ = {
			isa = PBXNativeTarget;
			buildConfigurationList = AB04F79727EF469400450985 /* Build configuration list for PBXNativeTarget "Timetable" */;
			buildPhases = (
				AB04F76927EF469000450985 /* Sources */,
				AB04F76A27EF469000450985 /* Frameworks */,
				AB04F76B27EF469000450985 /* Resources */,
			);
			buildRules = (
			);
			dependencies = (
			);
			name = Timetable;
			productName = Timetable;
			productReference = AB04F76D27EF469000450985 /* Timetable.app */;
			productType = "com.apple.product-type.application";
		};
		AB04F78227EF469300450985 /* TimetableTests */ = {
			isa = PBXNativeTarget;
			buildConfigurationList = AB04F79A27EF469400450985 /* Build configuration list for PBXNativeTarget "TimetableTests" */;
			buildPhases = (
				AB04F77F27EF469300450985 /* Sources */,
				AB04F78027EF469300450985 /* Frameworks */,
				AB04F78127EF469300450985 /* Resources */,
			);
			buildRules = (
			);
			dependencies = (
				AB04F78527EF469300450985 /* PBXTargetDependency */,
			);
			name = TimetableTests;
			productName = TimetableTests;
			productReference = AB04F78327EF469300450985 /* TimetableTests.xctest */;
			productType = "com.apple.product-type.bundle.unit-test";
		};
		AB04F78C27EF469400450985 /* TimetableUITests */ = {
			isa = PBXNativeTarget;
			buildConfigurationList = AB04F79D27EF469400450985 /* Build configuration list for PBXNativeTarget "TimetableUITests" */;
			buildPhases = (
				AB04F78927EF469400450985 /* Sources */,
				AB04F78A27EF469400450985 /* Frameworks */,
				AB04F78B27EF469400450985 /* Resources */,
			);
			buildRules = (
			);
			dependencies = (
				AB04F78F27EF469400450985 /* PBXTargetDependency */,
			);
			name = TimetableUITests;
			productName = TimetableUITests;
			productReference = AB04F78D27EF469400450985 /* TimetableUITests.xctest */;
			productType = "com.apple.product-type.bundle.ui-testing";
		};
/* End PBXNativeTarget section */

/* Begin PBXProject section */
		AB04F76527EF469000450985 /* Project object */ = {
			isa = PBXProject;
			attributes = {
				BuildIndependentTargetsInParallel = 1;
				LastSwiftUpdateCheck = 1330;
				LastUpgradeCheck = 1330;
				TargetAttributes = {
					AB04F76C27EF469000450985 = {
						CreatedOnToolsVersion = 13.3;
					};
					AB04F78227EF469300450985 = {
						CreatedOnToolsVersion = 13.3;
						TestTargetID = AB04F76C27EF469000450985;
					};
					AB04F78C27EF469400450985 = {
						CreatedOnToolsVersion = 13.3;
						TestTargetID = AB04F76C27EF469000450985;
					};
				};
			};
			buildConfigurationList = AB04F76827EF469000450985 /* Build configuration list for PBXProject "Timetable" */;
			compatibilityVersion = "Xcode 13.0";
			developmentRegion = en;
			hasScannedForEncodings = 0;
			knownRegions = (
				en,
				Base,
			);
			mainGroup = AB04F76427EF469000450985;
			productRefGroup = AB04F76E27EF469000450985 /* Products */;
			projectDirPath = "";
			projectRoot = "";
			targets = (
				AB04F76C27EF469000450985 /* Timetable */,
				AB04F78227EF469300450985 /* TimetableTests */,
				AB04F78C27EF469400450985 /* TimetableUITests */,
			);
		};
/* End PBXProject section */

/* Begin PBXResourcesBuildPhase section */
		AB04F76B27EF469000450985 /* Resources */ = {
			isa = PBXResourcesBuildPhase;
			buildActionMask = 2147483647;
			files = (
				AB04F77D27EF469300450985 /* LaunchScreen.storyboard in Resources */,
				AB04F77A27EF469300450985 /* Assets.xcassets in Resources */,
				AB04F77827EF469000450985 /* Main.storyboard in Resources */,
			);
			runOnlyForDeploymentPostprocessing = 0;
		};
		AB04F78127EF469300450985 /* Resources */ = {
			isa = PBXResourcesBuildPhase;
			buildActionMask = 2147483647;
			files = (
			);
			runOnlyForDeploymentPostprocessing = 0;
		};
		AB04F78B27EF469400450985 /* Resources */ = {
			isa = PBXResourcesBuildPhase;
			buildActionMask = 2147483647;
			files = (
			);
			runOnlyForDeploymentPostprocessing = 0;
		};
/* End PBXResourcesBuildPhase section */

/* Begin PBXSourcesBuildPhase section */
		AB04F76927EF469000450985 /* Sources */ = {
			isa = PBXSourcesBuildPhase;
			buildActionMask = 2147483647;
			files = (
				AB04F77527EF469000450985 /* ViewController.swift in Sources */,
				AB04F77127EF469000450985 /* AppDelegate.swift in Sources */,
				AB04F77327EF469000450985 /* SceneDelegate.swift in Sources */,
			);
			runOnlyForDeploymentPostprocessing = 0;
		};
		AB04F77F27EF469300450985 /* Sources */ = {
			isa = PBXSourcesBuildPhase;
			buildActionMask = 2147483647;
			files = (
				AB04F78827EF469400450985 /* TimetableTests.swift in Sources */,
			);
			runOnlyForDeploymentPostprocessing = 0;
		};
		AB04F78927EF469400450985 /* Sources */ = {
			isa = PBXSourcesBuildPhase;
			buildActionMask = 2147483647;
			files = (
				AB04F79427EF469400450985 /* TimetableUITestsLaunchTests.swift in Sources */,
				AB04F79227EF469400450985 /* TimetableUITests.swift in Sources */,
			);
			runOnlyForDeploymentPostprocessing = 0;
		};
/* End PBXSourcesBuildPhase section */

/* Begin PBXTargetDependency section */
		AB04F78527EF469300450985 /* PBXTargetDependency */ = {
			isa = PBXTargetDependency;
			target = AB04F76C27EF469000450985 /* Timetable */;
			targetProxy = AB04F78427EF469300450985 /* PBXContainerItemProxy */;
		};
		AB04F78F27EF469400450985 /* PBXTargetDependency */ = {
			isa = PBXTargetDependency;
			target = AB04F76C27EF469000450985 /* Timetable */;
			targetProxy = AB04F78E27EF469400450985 /* PBXContainerItemProxy */;
		};
/* End PBXTargetDependency section */

/* Begin PBXVariantGroup section */
		AB04F77627EF469000450985 /* Main.storyboard */ = {
			isa = PBXVariantGroup;
			children = (
				AB04F77727EF469000450985 /* Base */,
			);
			name = Main.storyboard;
			sourceTree = "<group>";
		};
		AB04F77B27EF469300450985 /* LaunchScreen.storyboard */ = {
			isa = PBXVariantGroup;
			children = (
				AB04F77C27EF469300450985 /* Base */,
			);
			name = LaunchScreen.storyboard;
			sourceTree = "<group>";
		};
/* End PBXVariantGroup section */

/* Begin XCBuildConfiguration section */
		AB04F79527EF469400450985 /* Debug */ = {
			isa = XCBuildConfiguration;
			buildSettings = {
				ALWAYS_SEARCH_USER_PATHS = NO;
				CLANG_ANALYZER_NONNULL = YES;
				CLANG_ANALYZER_NUMBER_OBJECT_CONVERSION = YES_AGGRESSIVE;
				CLANG_CXX_LANGUAGE_STANDARD = "gnu++17";
				CLANG_ENABLE_MODULES = YES;
				CLANG_ENABLE_OBJC_ARC = YES;
				CLANG_ENABLE_OBJC_WEAK = YES;
				CLANG_WARN_BLOCK_CAPTURE_AUTORELEASING = YES;
				CLANG_WARN_BOOL_CONVERSION = YES;
				CLANG_WARN_COMMA = YES;
				CLANG_WARN_CONSTANT_CONVERSION = YES;
				CLANG_WARN_DEPRECATED_OBJC_IMPLEMENTATIONS = YES;
				CLANG_WARN_DIRECT_OBJC_ISA_USAGE = YES_ERROR;
				CLANG_WARN_DOCUMENTATION_COMMENTS = YES;
				CLANG_WARN_EMPTY_BODY = YES;
				CLANG_WARN_ENUM_CONVERSION = YES;
				CLANG_WARN_INFINITE_RECURSION = YES;
				CLANG_WARN_INT_CONVERSION = YES;
				CLANG_WARN_NON_LITERAL_NULL_CONVERSION = YES;
				CLANG_WARN_OBJC_IMPLICIT_RETAIN_SELF = YES;
				CLANG_WARN_OBJC_LITERAL_CONVERSION = YES;
				CLANG_WARN_OBJC_ROOT_CLASS = YES_ERROR;
				CLANG_WARN_QUOTED_INCLUDE_IN_FRAMEWORK_HEADER = YES;
				CLANG_WARN_RANGE_LOOP_ANALYSIS = YES;
				CLANG_WARN_STRICT_PROTOTYPES = YES;
				CLANG_WARN_SUSPICIOUS_MOVE = YES;
				CLANG_WARN_UNGUARDED_AVAILABILITY = YES_AGGRESSIVE;
				CLANG_WARN_UNREACHABLE_CODE = YES;
				CLANG_WARN__DUPLICATE_METHOD_MATCH = YES;
				COPY_PHASE_STRIP = NO;
				DEBUG_INFORMATION_FORMAT = dwarf;
				ENABLE_STRICT_OBJC_MSGSEND = YES;
				ENABLE_TESTABILITY = YES;
				GCC_C_LANGUAGE_STANDARD = gnu11;
				GCC_DYNAMIC_NO_PIC = NO;
				GCC_NO_COMMON_BLOCKS = YES;
				GCC_OPTIMIZATION_LEVEL = 0;
				GCC_PREPROCESSOR_DEFINITIONS = (
					"DEBUG=1",
					"$(inherited)",
				);
				GCC_WARN_64_TO_32_BIT_CONVERSION = YES;
				GCC_WARN_ABOUT_RETURN_TYPE = YES_ERROR;
				GCC_WARN_UNDECLARED_SELECTOR = YES;
				GCC_WARN_UNINITIALIZED_AUTOS = YES_AGGRESSIVE;
				GCC_WARN_UNUSED_FUNCTION = YES;
				GCC_WARN_UNUSED_VARIABLE = YES;
				IPHONEOS_DEPLOYMENT_TARGET = 15.4;
				MTL_ENABLE_DEBUG_INFO = INCLUDE_SOURCE;
				MTL_FAST_MATH = YES;
				ONLY_ACTIVE_ARCH = YES;
				SDKROOT = iphoneos;
				SWIFT_ACTIVE_COMPILATION_CONDITIONS = DEBUG;
				SWIFT_OPTIMIZATION_LEVEL = "-Onone";
			};
			name = Debug;
		};
		AB04F79627EF469400450985 /* Release */ = {
			isa = XCBuildConfiguration;
			buildSettings = {
				ALWAYS_SEARCH_USER_PATHS = NO;
				CLANG_ANALYZER_NONNULL = YES;
				CLANG_ANALYZER_NUMBER_OBJECT_CONVERSION = YES_AGGRESSIVE;
				CLANG_CXX_LANGUAGE_STANDARD = "gnu++17";
				CLANG_ENABLE_MODULES = YES;
				CLANG_ENABLE_OBJC_ARC = YES;
				CLANG_ENABLE_OBJC_WEAK = YES;
				CLANG_WARN_BLOCK_CAPTURE_AUTORELEASING = YES;
				CLANG_WARN_BOOL_CONVERSION = YES;
				CLANG_WARN_COMMA = YES;
				CLANG_WARN_CONSTANT_CONVERSION = YES;
				CLANG_WARN_DEPRECATED_OBJC_IMPLEMENTATIONS = YES;
				CLANG_WARN_DIRECT_OBJC_ISA_USAGE = YES_ERROR;
				CLANG_WARN_DOCUMENTATION_COMMENTS = YES;
				CLANG_WARN_EMPTY_BODY = YES;
				CLANG_WARN_ENUM_CONVERSION = YES;
				CLANG_WARN_INFINITE_RECURSION = YES;
				CLANG_WARN_INT_CONVERSION = YES;
				CLANG_WARN_NON_LITERAL_NULL_CONVERSION = YES;
				CLANG_WARN_OBJC_IMPLICIT_RETAIN_SELF = YES;
				CLANG_WARN_OBJC_LITERAL_CONVERSION = YES;
				CLANG_WARN_OBJC_ROOT_CLASS = YES_ERROR;
				CLANG_WARN_QUOTED_INCLUDE_IN_FRAMEWORK_HEADER = YES;
				CLANG_WARN_RANGE_LOOP_ANALYSIS = YES;
				CLANG_WARN_STRICT_PROTOTYPES = YES;
				CLANG_WARN_SUSPICIOUS_MOVE = YES;
				CLANG_WARN_UNGUARDED_AVAILABILITY = YES_AGGRESSIVE;
				CLANG_WARN_UNREACHABLE_CODE = YES;
				CLANG_WARN__DUPLICATE_METHOD_MATCH = YES;
				COPY_PHASE_STRIP = NO;
				DEBUG_INFORMATION_FORMAT = "dwarf-with-dsym";
				ENABLE_NS_ASSERTIONS = NO;
				ENABLE_STRICT_OBJC_MSGSEND = YES;
				GCC_C_LANGUAGE_STANDARD = gnu11;
				GCC_NO_COMMON_BLOCKS = YES;
				GCC_WARN_64_TO_32_BIT_CONVERSION = YES;
				GCC_WARN_ABOUT_RETURN_TYPE = YES_ERROR;
				GCC_WARN_UNDECLARED_SELECTOR = YES;
				GCC_WARN_UNINITIALIZED_AUTOS = YES_AGGRESSIVE;
				GCC_WARN_UNUSED_FUNCTION = YES;
				GCC_WARN_UNUSED_VARIABLE = YES;
				IPHONEOS_DEPLOYMENT_TARGET = 15.4;
				MTL_ENABLE_DEBUG_INFO = NO;
				MTL_FAST_MATH = YES;
				SDKROOT = iphoneos;
				SWIFT_COMPILATION_MODE = wholemodule;
				SWIFT_OPTIMIZATION_LEVEL = "-O";
				VALIDATE_PRODUCT = YES;
			};
			name = Release;
		};
		AB04F79827EF469400450985 /* Debug */ = {
			isa = XCBuildConfiguration;
			buildSettings = {
				ASSETCATALOG_COMPILER_APPICON_NAME = AppIcon;
				ASSETCATALOG_COMPILER_GLOBAL_ACCENT_COLOR_NAME = AccentColor;
				CODE_SIGN_STYLE = Automatic;
				CURRENT_PROJECT_VERSION = 1;
				DEVELOPMENT_TEAM = 242KS3V77L;
				GENERATE_INFOPLIST_FILE = YES;
				INFOPLIST_FILE = Timetable/Info.plist;
				INFOPLIST_KEY_UIApplicationSupportsIndirectInputEvents = YES;
				INFOPLIST_KEY_UILaunchStoryboardName = LaunchScreen;
				INFOPLIST_KEY_UIMainStoryboardFile = Main;
				INFOPLIST_KEY_UISupportedInterfaceOrientations_iPad = "UIInterfaceOrientationPortrait UIInterfaceOrientationPortraitUpsideDown UIInterfaceOrientationLandscapeLeft UIInterfaceOrientationLandscapeRight";
				INFOPLIST_KEY_UISupportedInterfaceOrientations_iPhone = "UIInterfaceOrientationPortrait UIInterfaceOrientationLandscapeLeft UIInterfaceOrientationLandscapeRight";
				LD_RUNPATH_SEARCH_PATHS = (
					"$(inherited)",
					"@executable_path/Frameworks",
				);
				MARKETING_VERSION = 1.0;
				PRODUCT_BUNDLE_IDENTIFIER = oonishireon.Timetable;
				PRODUCT_NAME = "$(TARGET_NAME)";
				SWIFT_EMIT_LOC_STRINGS = YES;
				SWIFT_VERSION = 5.0;
				TARGETED_DEVICE_FAMILY = "1,2";
			};
			name = Debug;
		};
		AB04F79927EF469400450985 /* Release */ = {
			isa = XCBuildConfiguration;
			buildSettings = {
				ASSETCATALOG_COMPILER_APPICON_NAME = AppIcon;
				ASSETCATALOG_COMPILER_GLOBAL_ACCENT_COLOR_NAME = AccentColor;
				CODE_SIGN_STYLE = Automatic;
				CURRENT_PROJECT_VERSION = 1;
				DEVELOPMENT_TEAM = 242KS3V77L;
				GENERATE_INFOPLIST_FILE = YES;
				INFOPLIST_FILE = Timetable/Info.plist;
				INFOPLIST_KEY_UIApplicationSupportsIndirectInputEvents = YES;
				INFOPLIST_KEY_UILaunchStoryboardName = LaunchScreen;
				INFOPLIST_KEY_UIMainStoryboardFile = Main;
				INFOPLIST_KEY_UISupportedInterfaceOrientations_iPad = "UIInterfaceOrientationPortrait UIInterfaceOrientationPortraitUpsideDown UIInterfaceOrientationLandscapeLeft UIInterfaceOrientationLandscapeRight";
				INFOPLIST_KEY_UISupportedInterfaceOrientations_iPhone = "UIInterfaceOrientationPortrait UIInterfaceOrientationLandscapeLeft UIInterfaceOrientationLandscapeRight";
				LD_RUNPATH_SEARCH_PATHS = (
					"$(inherited)",
					"@executable_path/Frameworks",
				);
				MARKETING_VERSION = 1.0;
				PRODUCT_BUNDLE_IDENTIFIER = oonishireon.Timetable;
				PRODUCT_NAME = "$(TARGET_NAME)";
				SWIFT_EMIT_LOC_STRINGS = YES;
				SWIFT_VERSION = 5.0;
				TARGETED_DEVICE_FAMILY = "1,2";
			};
			name = Release;
		};
		AB04F79B27EF469400450985 /* Debug */ = {
			isa = XCBuildConfiguration;
			buildSettings = {
				ALWAYS_EMBED_SWIFT_STANDARD_LIBRARIES = YES;
				BUNDLE_LOADER = "$(TEST_HOST)";
				CODE_SIGN_STYLE = Automatic;
				CURRENT_PROJECT_VERSION = 1;
				DEVELOPMENT_TEAM = 242KS3V77L;
				GENERATE_INFOPLIST_FILE = YES;
				IPHONEOS_DEPLOYMENT_TARGET = 15.4;
				MARKETING_VERSION = 1.0;
				PRODUCT_BUNDLE_IDENTIFIER = oonishireon.TimetableTests;
				PRODUCT_NAME = "$(TARGET_NAME)";
				SWIFT_EMIT_LOC_STRINGS = NO;
				SWIFT_VERSION = 5.0;
				TARGETED_DEVICE_FAMILY = "1,2";
				TEST_HOST = "$(BUILT_PRODUCTS_DIR)/Timetable.app/Timetable";
			};
			name = Debug;
		};
		AB04F79C27EF469400450985 /* Release */ = {
			isa = XCBuildConfiguration;
			buildSettings = {
				ALWAYS_EMBED_SWIFT_STANDARD_LIBRARIES = YES;
				BUNDLE_LOADER = "$(TEST_HOST)";
				CODE_SIGN_STYLE = Automatic;
				CURRENT_PROJECT_VERSION = 1;
				DEVELOPMENT_TEAM = 242KS3V77L;
				GENERATE_INFOPLIST_FILE = YES;
				IPHONEOS_DEPLOYMENT_TARGET = 15.4;
				MARKETING_VERSION = 1.0;
				PRODUCT_BUNDLE_IDENTIFIER = oonishireon.TimetableTests;
				PRODUCT_NAME = "$(TARGET_NAME)";
				SWIFT_EMIT_LOC_STRINGS = NO;
				SWIFT_VERSION = 5.0;
				TARGETED_DEVICE_FAMILY = "1,2";
				TEST_HOST = "$(BUILT_PRODUCTS_DIR)/Timetable.app/Timetable";
			};
			name = Release;
		};
		AB04F79E27EF469400450985 /* Debug */ = {
			isa = XCBuildConfiguration;
			buildSettings = {
				ALWAYS_EMBED_SWIFT_STANDARD_LIBRARIES = YES;
				CODE_SIGN_STYLE = Automatic;
				CURRENT_PROJECT_VERSION = 1;
				DEVELOPMENT_TEAM = 242KS3V77L;
				GENERATE_INFOPLIST_FILE = YES;
				MARKETING_VERSION = 1.0;
				PRODUCT_BUNDLE_IDENTIFIER = oonishireon.TimetableUITests;
				PRODUCT_NAME = "$(TARGET_NAME)";
				SWIFT_EMIT_LOC_STRINGS = NO;
				SWIFT_VERSION = 5.0;
				TARGETED_DEVICE_FAMILY = "1,2";
				TEST_TARGET_NAME = Timetable;
			};
			name = Debug;
		};
		AB04F79F27EF469400450985 /* Release */ = {
			isa = XCBuildConfiguration;
			buildSettings = {
				ALWAYS_EMBED_SWIFT_STANDARD_LIBRARIES = YES;
				CODE_SIGN_STYLE = Automatic;
				CURRENT_PROJECT_VERSION = 1;
				DEVELOPMENT_TEAM = 242KS3V77L;
				GENERATE_INFOPLIST_FILE = YES;
				MARKETING_VERSION = 1.0;
				PRODUCT_BUNDLE_IDENTIFIER = oonishireon.TimetableUITests;
				PRODUCT_NAME = "$(TARGET_NAME)";
				SWIFT_EMIT_LOC_STRINGS = NO;
				SWIFT_VERSION = 5.0;
				TARGETED_DEVICE_FAMILY = "1,2";
				TEST_TARGET_NAME = Timetable;
			};
			name = Release;
		};
/* End XCBuildConfiguration section */

/* Begin XCConfigurationList section */
		AB04F76827EF469000450985 /* Build configuration list for PBXProject "Timetable" */ = {
			isa = XCConfigurationList;
			buildConfigurations = (
				AB04F79527EF469400450985 /* Debug */,
				AB04F79627EF469400450985 /* Release */,
			);
			defaultConfigurationIsVisible = 0;
			defaultConfigurationName = Release;
		};
		AB04F79727EF469400450985 /* Build configuration list for PBXNativeTarget "Timetable" */ = {
			isa = XCConfigurationList;
			buildConfigurations = (
				AB04F79827EF469400450985 /* Debug */,
				AB04F79927EF469400450985 /* Release */,
			);
			defaultConfigurationIsVisible = 0;
			defaultConfigurationName = Release;
		};
		AB04F79A27EF469400450985 /* Build configuration list for PBXNativeTarget "TimetableTests" */ = {
			isa = XCConfigurationList;
			buildConfigurations = (
				AB04F79B27EF469400450985 /* Debug */,
				AB04F79C27EF469400450985 /* Release */,
			);
			defaultConfigurationIsVisible = 0;
			defaultConfigurationName = Release;
		};
		AB04F79D27EF469400450985 /* Build configuration list for PBXNativeTarget "TimetableUITests" */ = {
			isa = XCConfigurationList;
			buildConfigurations = (
				AB04F79E27EF469400450985 /* Debug */,
				AB04F79F27EF469400450985 /* Release */,
			);
			defaultConfigurationIsVisible = 0;
			defaultConfigurationName = Release;
		};
/* End XCConfigurationList section */
	};
	rootObject = AB04F76527EF469000450985 /* Project object */;
}
